{"format_version":"1.2","terraform_version":"1.5.7","variables":{"region":{"value":"us-east-1"}},"planned_values":{"root_module":{"resources":[{"address":"aws_sns_topic.example_topic","mode":"managed","type":"aws_sns_topic","name":"example_topic","provider_name":"registry.terraform.io/hashicorp/aws","schema_version":0,"values":{"application_failure_feedback_role_arn":null,"application_success_feedback_role_arn":null,"application_success_feedback_sample_rate":null,"archive_policy":null,"content_based_deduplication":false,"delivery_policy":null,"display_name":null,"fifo_topic":false,"firehose_failure_feedback_role_arn":null,"firehose_success_feedback_role_arn":null,"firehose_success_feedback_sample_rate":null,"http_failure_feedback_role_arn":null,"http_success_feedback_role_arn":null,"http_success_feedback_sample_rate":null,"kms_master_key_id":null,"lambda_failure_feedback_role_arn":null,"lambda_success_feedback_role_arn":null,"lambda_success_feedback_sample_rate":null,"name":"example-topic","sqs_failure_feedback_role_arn":null,"sqs_success_feedback_role_arn":null,"sqs_success_feedback_sample_rate":null,"tags":null},"sensitive_values":{"tags_all":{}}},{"address":"aws_sns_topic_subscription.example_subscription","mode":"managed","type":"aws_sns_topic_subscription","name":"example_subscription","provider_name":"registry.terraform.io/hashicorp/aws","schema_version":0,"values":{"confirmation_timeout_in_minutes":1,"delivery_policy":null,"endpoint_auto_confirms":false,"filter_policy":null,"protocol":"sqs","raw_message_delivery":false,"redrive_policy":null,"replay_policy":null,"subscription_role_arn":null},"sensitive_values":{}},{"address":"aws_sqs_queue.example_queue","mode":"managed","type":"aws_sqs_queue","name":"example_queue","provider_name":"registry.terraform.io/hashicorp/aws","schema_version":0,"values":{"content_based_deduplication":false,"delay_seconds":0,"fifo_queue":false,"kms_master_key_id":null,"max_message_size":262144,"message_retention_seconds":345600,"name":"example-queue","receive_wait_time_seconds":0,"tags":null,"visibility_timeout_seconds":30},"sensitive_values":{"tags_all":{}}},{"address":"aws_sqs_queue_policy.example_policy","mode":"managed","type":"aws_sqs_queue_policy","name":"example_policy","provider_name":"registry.terraform.io/hashicorp/aws","schema_version":1,"sensitive_values":{}}]}},"resource_changes":[{"address":"aws_sns_topic.example_topic","mode":"managed","type":"aws_sns_topic","name":"example_topic","provider_name":"registry.terraform.io/hashicorp/aws","change":{"actions":["create"],"before":null,"after":{"application_failure_feedback_role_arn":null,"application_success_feedback_role_arn":null,"application_success_feedback_sample_rate":null,"archive_policy":null,"content_based_deduplication":false,"delivery_policy":null,"display_name":null,"fifo_topic":false,"firehose_failure_feedback_role_arn":null,"firehose_success_feedback_role_arn":null,"firehose_success_feedback_sample_rate":null,"http_failure_feedback_role_arn":null,"http_success_feedback_role_arn":null,"http_success_feedback_sample_rate":null,"kms_master_key_id":null,"lambda_failure_feedback_role_arn":null,"lambda_success_feedback_role_arn":null,"lambda_success_feedback_sample_rate":null,"name":"example-topic","sqs_failure_feedback_role_arn":null,"sqs_success_feedback_role_arn":null,"sqs_success_feedback_sample_rate":null,"tags":null},"after_unknown":{"arn":true,"beginning_archive_time":true,"id":true,"name_prefix":true,"owner":true,"policy":true,"signature_version":true,"tags_all":true,"tracing_config":true},"before_sensitive":false,"after_sensitive":{"tags_all":{}}}},{"address":"aws_sns_topic_subscription.example_subscription","mode":"managed","type":"aws_sns_topic_subscription","name":"example_subscription","provider_name":"registry.terraform.io/hashicorp/aws","change":{"actions":["create"],"before":null,"after":{"confirmation_timeout_in_minutes":1,"delivery_policy":null,"endpoint_auto_confirms":false,"filter_policy":null,"protocol":"sqs","raw_message_delivery":false,"redrive_policy":null,"replay_policy":null,"subscription_role_arn":null},"after_unknown":{"arn":true,"confirmation_was_authenticated":true,"endpoint":true,"filter_policy_scope":true,"id":true,"owner_id":true,"pending_confirmation":true,"topic_arn":true},"before_sensitive":false,"after_sensitive":{}}},{"address":"aws_sqs_queue.example_queue","mode":"managed","type":"aws_sqs_queue","name":"example_queue","provider_name":"registry.terraform.io/hashicorp/aws","change":{"actions":["create"],"before":null,"after":{"content_based_deduplication":false,"delay_seconds":0,"fifo_queue":false,"kms_master_key_id":null,"max_message_size":262144,"message_retention_seconds":345600,"name":"example-queue","receive_wait_time_seconds":0,"tags":null,"visibility_timeout_seconds":30},"after_unknown":{"arn":true,"deduplication_scope":true,"fifo_throughput_limit":true,"id":true,"kms_data_key_reuse_period_seconds":true,"name_prefix":true,"policy":true,"redrive_allow_policy":true,"redrive_policy":true,"sqs_managed_sse_enabled":true,"tags_all":true,"url":true},"before_sensitive":false,"after_sensitive":{"tags_all":{}}}},{"address":"aws_sqs_queue_policy.example_policy","mode":"managed","type":"aws_sqs_queue_policy","name":"example_policy","provider_name":"registry.terraform.io/hashicorp/aws","change":{"actions":["create"],"before":null,"after":{},"after_unknown":{"id":true,"policy":true,"queue_url":true},"before_sensitive":false,"after_sensitive":{}}}],"configuration":{"provider_config":{"aws":{"name":"aws","full_name":"registry.terraform.io/hashicorp/aws","expressions":{"access_key":{"constant_value":"test"},"endpoints":[{"ec2":{"constant_value":"http://localhost:4566"},"sns":{"constant_value":"http://localhost:4566"},"sqs":{"constant_value":"http://localhost:4566"}}],"region":{"constant_value":"us-east-1"},"secret_key":{"constant_value":"test"},"skip_credentials_validation":{"constant_value":true},"skip_metadata_api_check":{"constant_value":true},"skip_region_validation":{"constant_value":true},"skip_requesting_account_id":{"constant_value":true}}}},"root_module":{"resources":[{"address":"aws_sns_topic.example_topic","mode":"managed","type":"aws_sns_topic","name":"example_topic","provider_config_key":"aws","expressions":{"name":{"constant_value":"example-topic"}},"schema_version":0},{"address":"aws_sns_topic_subscription.example_subscription","mode":"managed","type":"aws_sns_topic_subscription","name":"example_subscription","provider_config_key":"aws","expressions":{"endpoint":{"references":["aws_sqs_queue.example_queue.arn","aws_sqs_queue.example_queue"]},"protocol":{"constant_value":"sqs"},"topic_arn":{"references":["aws_sns_topic.example_topic.arn","aws_sns_topic.example_topic"]}},"schema_version":0,"depends_on":["aws_sqs_queue_policy.example_policy"]},{"address":"aws_sqs_queue.example_queue","mode":"managed","type":"aws_sqs_queue","name":"example_queue","provider_config_key":"aws","expressions":{"name":{"constant_value":"example-queue"},"visibility_timeout_seconds":{"constant_value":30}},"schema_version":0},{"address":"aws_sqs_queue_policy.example_policy","mode":"managed","type":"aws_sqs_queue_policy","name":"example_policy","provider_config_key":"aws","expressions":{"policy":{"references":["aws_sqs_queue.example_queue.arn","aws_sqs_queue.example_queue","aws_sns_topic.example_topic.arn","aws_sns_topic.example_topic"]},"queue_url":{"references":["aws_sqs_queue.example_queue.id","aws_sqs_queue.example_queue"]}},"schema_version":1}],"variables":{"region":{"default":"us-east-1","description":"AWS region"}}}},"relevant_attributes":[{"resource":"aws_sqs_queue.example_queue","attribute":["arn"]},{"resource":"aws_sns_topic.example_topic","attribute":["arn"]},{"resource":"aws_sqs_queue.example_queue","attribute":["id"]}],"timestamp":"2024-12-22T01:38:46Z"}
